// !$*UTF8*$!
{
	archiveVersion = 1;
	classes = {
	};
	objectVersion = 50;
	objects = {

/* Begin PBXBuildFile section */
		18070A4721BA4CC000F717DB /* DLStudio2D.framework in Frameworks */ = {isa = PBXBuildFile; fileRef = 18070A4621BA4CC000F717DB /* DLStudio2D.framework */; };
		18070A4A21BA4CE700F717DB /* DLStudio2D.bundle in Resources */ = {isa = PBXBuildFile; fileRef = 18070A4921BA4CE700F717DB /* DLStudio2D.bundle */; };
		5D70DCE138D6225B3A1D7A72 /* Pods_StudioApp.framework in Frameworks */ = {isa = PBXBuildFile; fileRef = BD5FAE654894E42CDB516C49 /* Pods_StudioApp.framework */; };
		9A06619A20EDB5890053CD5D /* LayerContainerView.swift in Sources */ = {isa = PBXBuildFile; fileRef = 9A06619920EDB5890053CD5D /* LayerContainerView.swift */; };
		9A34675120EDEBBB005366FD /* GridViewCell.xib in Resources */ = {isa = PBXBuildFile; fileRef = 9A34674C20EDEBBB005366FD /* GridViewCell.xib */; };
		9A34675220EDEBBB005366FD /* GridViewCell.swift in Sources */ = {isa = PBXBuildFile; fileRef = 9A34674D20EDEBBB005366FD /* GridViewCell.swift */; };
		9A34675320EDEBBB005366FD /* DemoElongationCell.xib in Resources */ = {isa = PBXBuildFile; fileRef = 9A34674F20EDEBBB005366FD /* DemoElongationCell.xib */; };
		9A34675420EDEBBB005366FD /* DemoElongationCell.swift in Sources */ = {isa = PBXBuildFile; fileRef = 9A34675020EDEBBB005366FD /* DemoElongationCell.swift */; };
		9A37379920F4A54300368E02 /* LoginViewController.swift in Sources */ = {isa = PBXBuildFile; fileRef = 9A37379820F4A54300368E02 /* LoginViewController.swift */; };
		9A656BAD20E1CC9200602A96 /* CellOneViewController.swift in Sources */ = {isa = PBXBuildFile; fileRef = 9A656BAC20E1CC9200602A96 /* CellOneViewController.swift */; };
		9A656BB020E1D3AA00602A96 /* CellTwoViewController.swift in Sources */ = {isa = PBXBuildFile; fileRef = 9A656BAF20E1D3AA00602A96 /* CellTwoViewController.swift */; };
		9A656BB220E1D3C200602A96 /* CellThreeViewController.swift in Sources */ = {isa = PBXBuildFile; fileRef = 9A656BB120E1D3C200602A96 /* CellThreeViewController.swift */; };
		9A656BBD20E1EA8D00602A96 /* CollectionOneViewCell.swift in Sources */ = {isa = PBXBuildFile; fileRef = 9A656BBC20E1EA8D00602A96 /* CollectionOneViewCell.swift */; };
		9A656BC020E20C1A00602A96 /* CollectionTwoViewCell.swift in Sources */ = {isa = PBXBuildFile; fileRef = 9A656BBF20E20C1A00602A96 /* CollectionTwoViewCell.swift */; };
		9A9B183320F2FA7C00DCA8E7 /* Content.swift in Sources */ = {isa = PBXBuildFile; fileRef = 9A9B183220F2FA7C00DCA8E7 /* Content.swift */; };
		9AA5C3C020E47938004EA19F /* TopViewCellController.swift in Sources */ = {isa = PBXBuildFile; fileRef = 9AA5C3BF20E47938004EA19F /* TopViewCellController.swift */; };
		9AC08DB120EDE616001669CD /* ASExtendedCircularMenu.swift in Sources */ = {isa = PBXBuildFile; fileRef = 9AC08DB020EDE616001669CD /* ASExtendedCircularMenu.swift */; };
		9AD5165620E46D4A00F894BB /* Podfile in Resources */ = {isa = PBXBuildFile; fileRef = 9AD5165520E46D4A00F894BB /* Podfile */; };
		9ADE2FFE20EC5E940002D8E4 /* PageViewCell.swift in Sources */ = {isa = PBXBuildFile; fileRef = 9ADE2FFD20EC5E940002D8E4 /* PageViewCell.swift */; };
		9AE219B120E5CE60008B880C /* StudioIntro.swift in Sources */ = {isa = PBXBuildFile; fileRef = 9AE219B020E5CE60008B880C /* StudioIntro.swift */; };
		9AE219B320E5CE71008B880C /* AgendaViewController.swift in Sources */ = {isa = PBXBuildFile; fileRef = 9AE219B220E5CE71008B880C /* AgendaViewController.swift */; };
		9AE9EEA120EDE2A500AEC2ED /* ShowCaseViewController.swift in Sources */ = {isa = PBXBuildFile; fileRef = 9AE9EEA020EDE2A500AEC2ED /* ShowCaseViewController.swift */; };
		9AE9EEA320EDE2A900AEC2ED /* DetailViewController.swift in Sources */ = {isa = PBXBuildFile; fileRef = 9AE9EEA220EDE2A900AEC2ED /* DetailViewController.swift */; };
		9AEB64E020F33B7300FE0300 /* ProfileViewController.swift in Sources */ = {isa = PBXBuildFile; fileRef = 9AEB64DF20F33B7300FE0300 /* ProfileViewController.swift */; };
		9AEB64E320F3445C00FE0300 /* TitleViewCell.swift in Sources */ = {isa = PBXBuildFile; fileRef = 9AEB64E220F3445C00FE0300 /* TitleViewCell.swift */; };
		9AEB64E520F3446F00FE0300 /* OptionViewCell.swift in Sources */ = {isa = PBXBuildFile; fileRef = 9AEB64E420F3446F00FE0300 /* OptionViewCell.swift */; };
		9AEB64E720F3522A00FE0300 /* noticeViewCell.swift in Sources */ = {isa = PBXBuildFile; fileRef = 9AEB64E620F3522A00FE0300 /* noticeViewCell.swift */; };
		9AEECA1120DC821F009819A8 /* AppDelegate.swift in Sources */ = {isa = PBXBuildFile; fileRef = 9AEECA1020DC821F009819A8 /* AppDelegate.swift */; };
		9AEECA1320DC821F009819A8 /* ViewController.swift in Sources */ = {isa = PBXBuildFile; fileRef = 9AEECA1220DC821F009819A8 /* ViewController.swift */; };
		9AEECA1620DC821F009819A8 /* Main.storyboard in Resources */ = {isa = PBXBuildFile; fileRef = 9AEECA1420DC821F009819A8 /* Main.storyboard */; };
		9AEECA1820DC8220009819A8 /* Assets.xcassets in Resources */ = {isa = PBXBuildFile; fileRef = 9AEECA1720DC8220009819A8 /* Assets.xcassets */; };
		9AF5064020F71BFB00DF8D72 /* FirstPageViewController.swift in Sources */ = {isa = PBXBuildFile; fileRef = 9AF5063F20F71BFB00DF8D72 /* FirstPageViewController.swift */; };
		CE38EA43214E986D0041DD85 /* VideoViewViewController.swift in Sources */ = {isa = PBXBuildFile; fileRef = CE38EA42214E986D0041DD85 /* VideoViewViewController.swift */; };
		CE3B48A3212BBBD500AF1B5B /* ShowARViewController.swift in Sources */ = {isa = PBXBuildFile; fileRef = CE3B48A2212BBBD500AF1B5B /* ShowARViewController.swift */; };
		CE3B48A7212BF6BA00AF1B5B /* art.scnassets in Resources */ = {isa = PBXBuildFile; fileRef = CE3B48A6212BF6BA00AF1B5B /* art.scnassets */; };
		CE547324213698A6007DDA11 /* RoutesViewController.swift in Sources */ = {isa = PBXBuildFile; fileRef = CE547323213698A6007DDA11 /* RoutesViewController.swift */; };
		CE54732621378E7D007DDA11 /* NodeUtil.swift in Sources */ = {isa = PBXBuildFile; fileRef = CE54732521378E7D007DDA11 /* NodeUtil.swift */; };
		CE54732A2137C7AD007DDA11 /* AlertUtil.swift in Sources */ = {isa = PBXBuildFile; fileRef = CE5473292137C7AD007DDA11 /* AlertUtil.swift */; };
		CE54732C2137C815007DDA11 /* RouteCacheService.swift in Sources */ = {isa = PBXBuildFile; fileRef = CE54732B2137C815007DDA11 /* RouteCacheService.swift */; };
		CE54732E2137C858007DDA11 /* SCNVector3-Ex.swift in Sources */ = {isa = PBXBuildFile; fileRef = CE54732D2137C858007DDA11 /* SCNVector3-Ex.swift */; };
		CE5473302137C8BC007DDA11 /* FileUtil.swift in Sources */ = {isa = PBXBuildFile; fileRef = CE54732F2137C8BC007DDA11 /* FileUtil.swift */; };
		CE5473342137CDE8007DDA11 /* ShowRouteViewController.swift in Sources */ = {isa = PBXBuildFile; fileRef = CE5473332137CDE8007DDA11 /* ShowRouteViewController.swift */; };
		CE5473362137D596007DDA11 /* RoutesTableViewController.swift in Sources */ = {isa = PBXBuildFile; fileRef = CE5473352137D596007DDA11 /* RoutesTableViewController.swift */; };
		CE54733F2139385C007DDA11 /* 1.rtf in Resources */ = {isa = PBXBuildFile; fileRef = CE54733E2139385C007DDA11 /* 1.rtf */; };
		CE547341213CCBFB007DDA11 /* RouteDae.swift in Sources */ = {isa = PBXBuildFile; fileRef = CE547340213CCBFB007DDA11 /* RouteDae.swift */; };
		CE547343213CCD8D007DDA11 /* Route.swift in Sources */ = {isa = PBXBuildFile; fileRef = CE547342213CCD8D007DDA11 /* Route.swift */; };
		CE547345213CE24D007DDA11 /* ShareUtil.swift in Sources */ = {isa = PBXBuildFile; fileRef = CE547344213CE24D007DDA11 /* ShareUtil.swift */; };
		CEB17947212FC51A009DEF0E /* Person.swift in Sources */ = {isa = PBXBuildFile; fileRef = CEB17946212FC51A009DEF0E /* Person.swift */; };
		CEECC3CE212D558A001CC128 /* extension.swift in Sources */ = {isa = PBXBuildFile; fileRef = CEECC3CD212D558A001CC128 /* extension.swift */; };
		CEEF7FD121CB7935001FDBB3 /* NewsViewController.swift in Sources */ = {isa = PBXBuildFile; fileRef = CEEF7FD021CB7935001FDBB3 /* NewsViewController.swift */; };
		CEEF7FD321CB79A6001FDBB3 /* ContentNews.swift in Sources */ = {isa = PBXBuildFile; fileRef = CEEF7FD221CB79A6001FDBB3 /* ContentNews.swift */; };
		CEEF7FD721CB7F33001FDBB3 /* CollectionThreeViewCell.swift in Sources */ = {isa = PBXBuildFile; fileRef = CEEF7FD621CB7F33001FDBB3 /* CollectionThreeViewCell.swift */; };
		CEEF7FDA21CBEAD6001FDBB3 /* AgendaTableViewController.swift in Sources */ = {isa = PBXBuildFile; fileRef = CEEF7FD921CBEAD6001FDBB3 /* AgendaTableViewController.swift */; };
		CEEF7FE021CBF0AC001FDBB3 /* AgendaItemTableViewCell.swift in Sources */ = {isa = PBXBuildFile; fileRef = CEEF7FDF21CBF0AC001FDBB3 /* AgendaItemTableViewCell.swift */; };
		CEEF7FE321CBFB38001FDBB3 /* AFWrapper.swift in Sources */ = {isa = PBXBuildFile; fileRef = CEEF7FE221CBFB38001FDBB3 /* AFWrapper.swift */; };
/* End PBXBuildFile section */

/* Begin PBXFileReference section */
		18070A4621BA4CC000F717DB /* DLStudio2D.framework */ = {isa = PBXFileReference; lastKnownFileType = wrapper.framework; name = DLStudio2D.framework; path = StudioApp/2DFramework/DLStudio2D.framework; sourceTree = "<group>"; };
		18070A4921BA4CE700F717DB /* DLStudio2D.bundle */ = {isa = PBXFileReference; lastKnownFileType = "wrapper.plug-in"; name = DLStudio2D.bundle; path = StudioApp/2DFramework/DLStudio2D.bundle; sourceTree = SOURCE_ROOT; };
		9A06619920EDB5890053CD5D /* LayerContainerView.swift */ = {isa = PBXFileReference; lastKnownFileType = sourcecode.swift; path = LayerContainerView.swift; sourceTree = "<group>"; };
		9A34674C20EDEBBB005366FD /* GridViewCell.xib */ = {isa = PBXFileReference; fileEncoding = 4; lastKnownFileType = file.xib; path = GridViewCell.xib; sourceTree = "<group>"; };
		9A34674D20EDEBBB005366FD /* GridViewCell.swift */ = {isa = PBXFileReference; fileEncoding = 4; lastKnownFileType = sourcecode.swift; path = GridViewCell.swift; sourceTree = "<group>"; };
		9A34674F20EDEBBB005366FD /* DemoElongationCell.xib */ = {isa = PBXFileReference; fileEncoding = 4; lastKnownFileType = file.xib; path = DemoElongationCell.xib; sourceTree = "<group>"; };
		9A34675020EDEBBB005366FD /* DemoElongationCell.swift */ = {isa = PBXFileReference; fileEncoding = 4; lastKnownFileType = sourcecode.swift; path = DemoElongationCell.swift; sourceTree = "<group>"; };
		9A37379820F4A54300368E02 /* LoginViewController.swift */ = {isa = PBXFileReference; lastKnownFileType = sourcecode.swift; path = LoginViewController.swift; sourceTree = "<group>"; };
		9A656BAC20E1CC9200602A96 /* CellOneViewController.swift */ = {isa = PBXFileReference; lastKnownFileType = sourcecode.swift; path = CellOneViewController.swift; sourceTree = "<group>"; };
		9A656BAF20E1D3AA00602A96 /* CellTwoViewController.swift */ = {isa = PBXFileReference; lastKnownFileType = sourcecode.swift; path = CellTwoViewController.swift; sourceTree = "<group>"; };
		9A656BB120E1D3C200602A96 /* CellThreeViewController.swift */ = {isa = PBXFileReference; lastKnownFileType = sourcecode.swift; path = CellThreeViewController.swift; sourceTree = "<group>"; };
		9A656BBC20E1EA8D00602A96 /* CollectionOneViewCell.swift */ = {isa = PBXFileReference; lastKnownFileType = sourcecode.swift; name = CollectionOneViewCell.swift; path = ../CollectionOneViewCell.swift; sourceTree = "<group>"; };
		9A656BBF20E20C1A00602A96 /* CollectionTwoViewCell.swift */ = {isa = PBXFileReference; lastKnownFileType = sourcecode.swift; path = CollectionTwoViewCell.swift; sourceTree = "<group>"; };
		9A9B183220F2FA7C00DCA8E7 /* Content.swift */ = {isa = PBXFileReference; fileEncoding = 4; lastKnownFileType = sourcecode.swift; name = Content.swift; path = StudioApp/ShowCase/Content.swift; sourceTree = SOURCE_ROOT; };
		9AA5C3BF20E47938004EA19F /* TopViewCellController.swift */ = {isa = PBXFileReference; lastKnownFileType = sourcecode.swift; path = TopViewCellController.swift; sourceTree = "<group>"; };
		9AC08DB020EDE616001669CD /* ASExtendedCircularMenu.swift */ = {isa = PBXFileReference; fileEncoding = 4; lastKnownFileType = sourcecode.swift; path = ASExtendedCircularMenu.swift; sourceTree = "<group>"; };
		9AD5165520E46D4A00F894BB /* Podfile */ = {isa = PBXFileReference; lastKnownFileType = text; path = Podfile; sourceTree = "<group>"; xcLanguageSpecificationIdentifier = xcode.lang.ruby; };
		9ADE2FFD20EC5E940002D8E4 /* PageViewCell.swift */ = {isa = PBXFileReference; lastKnownFileType = sourcecode.swift; path = PageViewCell.swift; sourceTree = "<group>"; };
		9AE219B020E5CE60008B880C /* StudioIntro.swift */ = {isa = PBXFileReference; lastKnownFileType = sourcecode.swift; path = StudioIntro.swift; sourceTree = "<group>"; };
		9AE219B220E5CE71008B880C /* AgendaViewController.swift */ = {isa = PBXFileReference; lastKnownFileType = sourcecode.swift; path = AgendaViewController.swift; sourceTree = "<group>"; };
		9AE9EEA020EDE2A500AEC2ED /* ShowCaseViewController.swift */ = {isa = PBXFileReference; fileEncoding = 4; lastKnownFileType = sourcecode.swift; path = ShowCaseViewController.swift; sourceTree = "<group>"; };
		9AE9EEA220EDE2A900AEC2ED /* DetailViewController.swift */ = {isa = PBXFileReference; fileEncoding = 4; lastKnownFileType = sourcecode.swift; path = DetailViewController.swift; sourceTree = "<group>"; };
		9AEB64DF20F33B7300FE0300 /* ProfileViewController.swift */ = {isa = PBXFileReference; lastKnownFileType = sourcecode.swift; path = ProfileViewController.swift; sourceTree = "<group>"; };
		9AEB64E220F3445C00FE0300 /* TitleViewCell.swift */ = {isa = PBXFileReference; lastKnownFileType = sourcecode.swift; path = TitleViewCell.swift; sourceTree = "<group>"; };
		9AEB64E420F3446F00FE0300 /* OptionViewCell.swift */ = {isa = PBXFileReference; lastKnownFileType = sourcecode.swift; path = OptionViewCell.swift; sourceTree = "<group>"; };
		9AEB64E620F3522A00FE0300 /* noticeViewCell.swift */ = {isa = PBXFileReference; lastKnownFileType = sourcecode.swift; path = noticeViewCell.swift; sourceTree = "<group>"; };
		9AEECA0D20DC821F009819A8 /* StudioApp.app */ = {isa = PBXFileReference; explicitFileType = wrapper.application; includeInIndex = 0; path = StudioApp.app; sourceTree = BUILT_PRODUCTS_DIR; };
		9AEECA1020DC821F009819A8 /* AppDelegate.swift */ = {isa = PBXFileReference; lastKnownFileType = sourcecode.swift; path = AppDelegate.swift; sourceTree = "<group>"; };
		9AEECA1220DC821F009819A8 /* ViewController.swift */ = {isa = PBXFileReference; lastKnownFileType = sourcecode.swift; path = ViewController.swift; sourceTree = "<group>"; };
		9AEECA1520DC821F009819A8 /* Base */ = {isa = PBXFileReference; lastKnownFileType = file.storyboard; name = Base; path = Base.lproj/Main.storyboard; sourceTree = "<group>"; };
		9AEECA1720DC8220009819A8 /* Assets.xcassets */ = {isa = PBXFileReference; lastKnownFileType = folder.assetcatalog; path = Assets.xcassets; sourceTree = "<group>"; };
		9AEECA1C20DC8220009819A8 /* Info.plist */ = {isa = PBXFileReference; lastKnownFileType = text.plist.xml; path = Info.plist; sourceTree = "<group>"; };
		9AF5063F20F71BFB00DF8D72 /* FirstPageViewController.swift */ = {isa = PBXFileReference; lastKnownFileType = sourcecode.swift; path = FirstPageViewController.swift; sourceTree = "<group>"; };
		AAF67E3115659D093D97BC7C /* Pods-StudioApp.release.xcconfig */ = {isa = PBXFileReference; includeInIndex = 1; lastKnownFileType = text.xcconfig; name = "Pods-StudioApp.release.xcconfig"; path = "Pods/Target Support Files/Pods-StudioApp/Pods-StudioApp.release.xcconfig"; sourceTree = "<group>"; };
		BD5FAE654894E42CDB516C49 /* Pods_StudioApp.framework */ = {isa = PBXFileReference; explicitFileType = wrapper.framework; includeInIndex = 0; path = Pods_StudioApp.framework; sourceTree = BUILT_PRODUCTS_DIR; };
		CE38EA42214E986D0041DD85 /* VideoViewViewController.swift */ = {isa = PBXFileReference; lastKnownFileType = sourcecode.swift; path = VideoViewViewController.swift; sourceTree = "<group>"; };
		CE3B48A2212BBBD500AF1B5B /* ShowARViewController.swift */ = {isa = PBXFileReference; lastKnownFileType = sourcecode.swift; path = ShowARViewController.swift; sourceTree = "<group>"; };
		CE3B48A6212BF6BA00AF1B5B /* art.scnassets */ = {isa = PBXFileReference; lastKnownFileType = wrapper.scnassets; path = art.scnassets; sourceTree = "<group>"; };
		CE547323213698A6007DDA11 /* RoutesViewController.swift */ = {isa = PBXFileReference; lastKnownFileType = sourcecode.swift; path = RoutesViewController.swift; sourceTree = "<group>"; };
		CE54732521378E7D007DDA11 /* NodeUtil.swift */ = {isa = PBXFileReference; lastKnownFileType = sourcecode.swift; path = NodeUtil.swift; sourceTree = "<group>"; };
		CE5473292137C7AD007DDA11 /* AlertUtil.swift */ = {isa = PBXFileReference; lastKnownFileType = sourcecode.swift; path = AlertUtil.swift; sourceTree = "<group>"; };
		CE54732B2137C815007DDA11 /* RouteCacheService.swift */ = {isa = PBXFileReference; lastKnownFileType = sourcecode.swift; path = RouteCacheService.swift; sourceTree = "<group>"; };
		CE54732D2137C858007DDA11 /* SCNVector3-Ex.swift */ = {isa = PBXFileReference; lastKnownFileType = sourcecode.swift; path = "SCNVector3-Ex.swift"; sourceTree = "<group>"; };
		CE54732F2137C8BC007DDA11 /* FileUtil.swift */ = {isa = PBXFileReference; lastKnownFileType = sourcecode.swift; path = FileUtil.swift; sourceTree = "<group>"; };
		CE5473332137CDE8007DDA11 /* ShowRouteViewController.swift */ = {isa = PBXFileReference; lastKnownFileType = sourcecode.swift; path = ShowRouteViewController.swift; sourceTree = "<group>"; };
		CE5473352137D596007DDA11 /* RoutesTableViewController.swift */ = {isa = PBXFileReference; lastKnownFileType = sourcecode.swift; path = RoutesTableViewController.swift; sourceTree = "<group>"; };
		CE54733E2139385C007DDA11 /* 1.rtf */ = {isa = PBXFileReference; lastKnownFileType = text.rtf; path = 1.rtf; sourceTree = "<group>"; };
		CE547340213CCBFB007DDA11 /* RouteDae.swift */ = {isa = PBXFileReference; lastKnownFileType = sourcecode.swift; path = RouteDae.swift; sourceTree = "<group>"; };
		CE547342213CCD8D007DDA11 /* Route.swift */ = {isa = PBXFileReference; fileEncoding = 4; lastKnownFileType = sourcecode.swift; path = Route.swift; sourceTree = "<group>"; };
		CE547344213CE24D007DDA11 /* ShareUtil.swift */ = {isa = PBXFileReference; lastKnownFileType = sourcecode.swift; path = ShareUtil.swift; sourceTree = "<group>"; };
		CEB17946212FC51A009DEF0E /* Person.swift */ = {isa = PBXFileReference; lastKnownFileType = sourcecode.swift; path = Person.swift; sourceTree = "<group>"; };
		CEECC3CD212D558A001CC128 /* extension.swift */ = {isa = PBXFileReference; lastKnownFileType = sourcecode.swift; path = extension.swift; sourceTree = "<group>"; };
		CEEF7FD021CB7935001FDBB3 /* NewsViewController.swift */ = {isa = PBXFileReference; lastKnownFileType = sourcecode.swift; name = NewsViewController.swift; path = StudioApp/NewsViewController.swift; sourceTree = SOURCE_ROOT; };
		CEEF7FD221CB79A6001FDBB3 /* ContentNews.swift */ = {isa = PBXFileReference; lastKnownFileType = sourcecode.swift; name = ContentNews.swift; path = StudioApp/ContentNews.swift; sourceTree = SOURCE_ROOT; };
		CEEF7FD621CB7F33001FDBB3 /* CollectionThreeViewCell.swift */ = {isa = PBXFileReference; lastKnownFileType = sourcecode.swift; path = CollectionThreeViewCell.swift; sourceTree = "<group>"; };
		CEEF7FD921CBEAD6001FDBB3 /* AgendaTableViewController.swift */ = {isa = PBXFileReference; lastKnownFileType = sourcecode.swift; path = AgendaTableViewController.swift; sourceTree = "<group>"; };
		CEEF7FDF21CBF0AC001FDBB3 /* AgendaItemTableViewCell.swift */ = {isa = PBXFileReference; lastKnownFileType = sourcecode.swift; path = AgendaItemTableViewCell.swift; sourceTree = "<group>"; };
		CEEF7FE221CBFB38001FDBB3 /* AFWrapper.swift */ = {isa = PBXFileReference; lastKnownFileType = sourcecode.swift; path = AFWrapper.swift; sourceTree = "<group>"; };
		FF9F7B729D02FE462BE57A73 /* Pods-StudioApp.debug.xcconfig */ = {isa = PBXFileReference; includeInIndex = 1; lastKnownFileType = text.xcconfig; name = "Pods-StudioApp.debug.xcconfig"; path = "Pods/Target Support Files/Pods-StudioApp/Pods-StudioApp.debug.xcconfig"; sourceTree = "<group>"; };
/* End PBXFileReference section */

/* Begin PBXFrameworksBuildPhase section */
		9AEECA0A20DC821F009819A8 /* Frameworks */ = {
			isa = PBXFrameworksBuildPhase;
			buildActionMask = 2147483647;
			files = (
				18070A4721BA4CC000F717DB /* DLStudio2D.framework in Frameworks */,
				5D70DCE138D6225B3A1D7A72 /* Pods_StudioApp.framework in Frameworks */,
			);
			runOnlyForDeploymentPostprocessing = 0;
		};
/* End PBXFrameworksBuildPhase section */

/* Begin PBXGroup section */
		0A97D5FC4BF77F8CD248482C /* Pods */ = {
			isa = PBXGroup;
			children = (
				FF9F7B729D02FE462BE57A73 /* Pods-StudioApp.debug.xcconfig */,
				AAF67E3115659D093D97BC7C /* Pods-StudioApp.release.xcconfig */,
			);
			name = Pods;
			sourceTree = "<group>";
		};
		18070A4821BA4CD700F717DB /* Resources */ = {
			isa = PBXGroup;
			children = (
				18070A4921BA4CE700F717DB /* DLStudio2D.bundle */,
			);
			path = Resources;
			sourceTree = "<group>";
		};
		681CF85BC16991D0CB3CE3DC /* Frameworks */ = {
			isa = PBXGroup;
			children = (
				18070A4621BA4CC000F717DB /* DLStudio2D.framework */,
				BD5FAE654894E42CDB516C49 /* Pods_StudioApp.framework */,
			);
			name = Frameworks;
			sourceTree = "<group>";
		};
		9A06619B20EDBE080053CD5D /* ShowCase */ = {
			isa = PBXGroup;
			children = (
				9A34674A20EDEBBB005366FD /* Views */,
				9AE9EEA020EDE2A500AEC2ED /* ShowCaseViewController.swift */,
				9AE9EEA220EDE2A900AEC2ED /* DetailViewController.swift */,
			);
			path = ShowCase;
			sourceTree = "<group>";
		};
		9A34674A20EDEBBB005366FD /* Views */ = {
			isa = PBXGroup;
			children = (
				9A9B183220F2FA7C00DCA8E7 /* Content.swift */,
				9A34674B20EDEBBB005366FD /* GridViewCell */,
				9A34674E20EDEBBB005366FD /* DemoElongationCell */,
			);
			path = Views;
			sourceTree = "<group>";
		};
		9A34674B20EDEBBB005366FD /* GridViewCell */ = {
			isa = PBXGroup;
			children = (
				9A34674C20EDEBBB005366FD /* GridViewCell.xib */,
				9A34674D20EDEBBB005366FD /* GridViewCell.swift */,
			);
			path = GridViewCell;
			sourceTree = "<group>";
		};
		9A34674E20EDEBBB005366FD /* DemoElongationCell */ = {
			isa = PBXGroup;
			children = (
				9A34674F20EDEBBB005366FD /* DemoElongationCell.xib */,
				9A34675020EDEBBB005366FD /* DemoElongationCell.swift */,
				9A94DD2B20E60541008FF209 /* StudioIntro */,
			);
			path = DemoElongationCell;
			sourceTree = "<group>";
		};
		9A37379720F4A52300368E02 /* LogInPage */ = {
			isa = PBXGroup;
			children = (
				9A37379820F4A54300368E02 /* LoginViewController.swift */,
			);
			path = LogInPage;
			sourceTree = "<group>";
		};
		9A656BAE20E1D29E00602A96 /* CellController */ = {
			isa = PBXGroup;
			children = (
				9A656BB920E1E53100602A96 /* CellOneCollection */,
				9A656BAC20E1CC9200602A96 /* CellOneViewController.swift */,
				9A656BBE20E20BEB00602A96 /* Cell2Collection */,
				9A656BAF20E1D3AA00602A96 /* CellTwoViewController.swift */,
				9A656BC120E2145600602A96 /* Cell3Collection */,
				9A656BB120E1D3C200602A96 /* CellThreeViewController.swift */,
				9AA5C3BF20E47938004EA19F /* TopViewCellController.swift */,
			);
			path = CellController;
			sourceTree = "<group>";
		};
		9A656BB920E1E53100602A96 /* CellOneCollection */ = {
			isa = PBXGroup;
			children = (
				9A656BBC20E1EA8D00602A96 /* CollectionOneViewCell.swift */,
			);
			path = CellOneCollection;
			sourceTree = "<group>";
		};
		9A656BBE20E20BEB00602A96 /* Cell2Collection */ = {
			isa = PBXGroup;
			children = (
				9A656BBF20E20C1A00602A96 /* CollectionTwoViewCell.swift */,
			);
			path = Cell2Collection;
			sourceTree = "<group>";
		};
		9A656BC120E2145600602A96 /* Cell3Collection */ = {
			isa = PBXGroup;
			children = (
				CEEF7FD621CB7F33001FDBB3 /* CollectionThreeViewCell.swift */,
			);
			path = Cell3Collection;
			sourceTree = "<group>";
		};
		9A94DD2B20E60541008FF209 /* StudioIntro */ = {
			isa = PBXGroup;
			children = (
				9AE219B020E5CE60008B880C /* StudioIntro.swift */,
				9ADE2FFD20EC5E940002D8E4 /* PageViewCell.swift */,
				9A06619920EDB5890053CD5D /* LayerContainerView.swift */,
			);
			path = StudioIntro;
			sourceTree = "<group>";
		};
		9A94DD2C20E60550008FF209 /* AgendaPage */ = {
			isa = PBXGroup;
			children = (
				9AE219B220E5CE71008B880C /* AgendaViewController.swift */,
			);
			path = AgendaPage;
			sourceTree = "<group>";
		};
		9AE219B420E5CE75008B880C /* MainPage */ = {
			isa = PBXGroup;
			children = (
				9AEECA1220DC821F009819A8 /* ViewController.swift */,
				9A656BAE20E1D29E00602A96 /* CellController */,
				CE38EA42214E986D0041DD85 /* VideoViewViewController.swift */,
			);
			path = MainPage;
			sourceTree = "<group>";
		};
		9AEB64DE20F33AC400FE0300 /* profile */ = {
			isa = PBXGroup;
			children = (
				9AEB64E120F3442900FE0300 /* tableCell */,
				9AEB64DF20F33B7300FE0300 /* ProfileViewController.swift */,
			);
			path = profile;
			sourceTree = "<group>";
		};
		9AEB64E120F3442900FE0300 /* tableCell */ = {
			isa = PBXGroup;
			children = (
				9AEB64E220F3445C00FE0300 /* TitleViewCell.swift */,
				9AEB64E420F3446F00FE0300 /* OptionViewCell.swift */,
				9AEB64E620F3522A00FE0300 /* noticeViewCell.swift */,
			);
			path = tableCell;
			sourceTree = "<group>";
		};
		9AEECA0420DC821F009819A8 = {
			isa = PBXGroup;
			children = (
				9AD5165520E46D4A00F894BB /* Podfile */,
				9AEECA0F20DC821F009819A8 /* StudioApp */,
				9AEECA0E20DC821F009819A8 /* Products */,
				0A97D5FC4BF77F8CD248482C /* Pods */,
				681CF85BC16991D0CB3CE3DC /* Frameworks */,
			);
			sourceTree = "<group>";
		};
		9AEECA0E20DC821F009819A8 /* Products */ = {
			isa = PBXGroup;
			children = (
				9AEECA0D20DC821F009819A8 /* StudioApp.app */,
			);
			name = Products;
			sourceTree = "<group>";
		};
		9AEECA0F20DC821F009819A8 /* StudioApp */ = {
			isa = PBXGroup;
			children = (
				CEEF7FE121CBFAAE001FDBB3 /* NetWork */,
				CEEF7FD821CBEA88001FDBB3 /* Agenda */,
				CEEF7FCF21CB78FE001FDBB3 /* New Group */,
				18070A4821BA4CD700F717DB /* Resources */,
				CEECC3CC212D556B001CC128 /* Extension */,
				CE3B48A6212BF6BA00AF1B5B /* art.scnassets */,
				CE3B489D212BBA1E00AF1B5B /* ViewController */,
				9A37379720F4A52300368E02 /* LogInPage */,
				9AEB64DE20F33AC400FE0300 /* profile */,
				9A06619B20EDBE080053CD5D /* ShowCase */,
				9A94DD2C20E60550008FF209 /* AgendaPage */,
				9AE219B420E5CE75008B880C /* MainPage */,
				9AEECA1020DC821F009819A8 /* AppDelegate.swift */,
				9AEECA1420DC821F009819A8 /* Main.storyboard */,
				9AC08DB020EDE616001669CD /* ASExtendedCircularMenu.swift */,
				9AEECA1720DC8220009819A8 /* Assets.xcassets */,
				9AEECA1C20DC8220009819A8 /* Info.plist */,
				9AF5063F20F71BFB00DF8D72 /* FirstPageViewController.swift */,
				CE54733E2139385C007DDA11 /* 1.rtf */,
			);
			path = StudioApp;
			sourceTree = "<group>";
		};
		CE3B489D212BBA1E00AF1B5B /* ViewController */ = {
			isa = PBXGroup;
			children = (
				CE547342213CCD8D007DDA11 /* Route.swift */,
				CE3B48A2212BBBD500AF1B5B /* ShowARViewController.swift */,
				CEB17946212FC51A009DEF0E /* Person.swift */,
				CE547323213698A6007DDA11 /* RoutesViewController.swift */,
				CE54732521378E7D007DDA11 /* NodeUtil.swift */,
				CE5473292137C7AD007DDA11 /* AlertUtil.swift */,
				CE54732B2137C815007DDA11 /* RouteCacheService.swift */,
				CE54732D2137C858007DDA11 /* SCNVector3-Ex.swift */,
				CE54732F2137C8BC007DDA11 /* FileUtil.swift */,
				CE5473332137CDE8007DDA11 /* ShowRouteViewController.swift */,
				CE5473352137D596007DDA11 /* RoutesTableViewController.swift */,
				CE547340213CCBFB007DDA11 /* RouteDae.swift */,
				CE547344213CE24D007DDA11 /* ShareUtil.swift */,
			);
			path = ViewController;
			sourceTree = "<group>";
		};
		CEECC3CC212D556B001CC128 /* Extension */ = {
			isa = PBXGroup;
			children = (
				CEECC3CD212D558A001CC128 /* extension.swift */,
			);
			path = Extension;
			sourceTree = "<group>";
		};
		CEEF7FCF21CB78FE001FDBB3 /* New Group */ = {
			isa = PBXGroup;
			children = (
				CEEF7FD021CB7935001FDBB3 /* NewsViewController.swift */,
				CEEF7FD221CB79A6001FDBB3 /* ContentNews.swift */,
			);
			path = "New Group";
			sourceTree = "<group>";
		};
		CEEF7FD821CBEA88001FDBB3 /* Agenda */ = {
			isa = PBXGroup;
			children = (
				CEEF7FD921CBEAD6001FDBB3 /* AgendaTableViewController.swift */,
				CEEF7FDF21CBF0AC001FDBB3 /* AgendaItemTableViewCell.swift */,
			);
			path = Agenda;
			sourceTree = "<group>";
		};
		CEEF7FE121CBFAAE001FDBB3 /* NetWork */ = {
			isa = PBXGroup;
			children = (
				CEEF7FE221CBFB38001FDBB3 /* AFWrapper.swift */,
			);
			path = NetWork;
			sourceTree = "<group>";
		};
/* End PBXGroup section */

/* Begin PBXNativeTarget section */
		9AEECA0C20DC821F009819A8 /* StudioApp */ = {
			isa = PBXNativeTarget;
			buildConfigurationList = 9AEECA1F20DC8220009819A8 /* Build configuration list for PBXNativeTarget "StudioApp" */;
			buildPhases = (
				2996B3A5BC68F84B967CE190 /* [CP] Check Pods Manifest.lock */,
				9AEECA0920DC821F009819A8 /* Sources */,
				9AEECA0A20DC821F009819A8 /* Frameworks */,
				9AEECA0B20DC821F009819A8 /* Resources */,
				9D59476527C006943E9750A5 /* [CP] Embed Pods Frameworks */,
			);
			buildRules = (
			);
			dependencies = (
			);
			name = StudioApp;
			productName = StudioApp;
			productReference = 9AEECA0D20DC821F009819A8 /* StudioApp.app */;
			productType = "com.apple.product-type.application";
		};
/* End PBXNativeTarget section */

/* Begin PBXProject section */
		9AEECA0520DC821F009819A8 /* Project object */ = {
			isa = PBXProject;
			attributes = {
				LastSwiftUpdateCheck = 0940;
				LastUpgradeCheck = 0940;
				ORGANIZATIONNAME = ifundit;
				TargetAttributes = {
					9AEECA0C20DC821F009819A8 = {
						CreatedOnToolsVersion = 9.4.1;
						LastSwiftMigration = 1010;
					};
				};
			};
			buildConfigurationList = 9AEECA0820DC821F009819A8 /* Build configuration list for PBXProject "StudioApp" */;
			compatibilityVersion = "Xcode 9.3";
			developmentRegion = en;
			hasScannedForEncodings = 0;
			knownRegions = (
				en,
				Base,
			);
			mainGroup = 9AEECA0420DC821F009819A8;
			productRefGroup = 9AEECA0E20DC821F009819A8 /* Products */;
			projectDirPath = "";
			projectRoot = "";
			targets = (
				9AEECA0C20DC821F009819A8 /* StudioApp */,
			);
		};
/* End PBXProject section */

/* Begin PBXResourcesBuildPhase section */
		9AEECA0B20DC821F009819A8 /* Resources */ = {
			isa = PBXResourcesBuildPhase;
			buildActionMask = 2147483647;
			files = (
				CE54733F2139385C007DDA11 /* 1.rtf in Resources */,
				18070A4A21BA4CE700F717DB /* DLStudio2D.bundle in Resources */,
				9A34675120EDEBBB005366FD /* GridViewCell.xib in Resources */,
				9A34675320EDEBBB005366FD /* DemoElongationCell.xib in Resources */,
				CE3B48A7212BF6BA00AF1B5B /* art.scnassets in Resources */,
				9AEECA1820DC8220009819A8 /* Assets.xcassets in Resources */,
				9AD5165620E46D4A00F894BB /* Podfile in Resources */,
				9AEECA1620DC821F009819A8 /* Main.storyboard in Resources */,
			);
			runOnlyForDeploymentPostprocessing = 0;
		};
/* End PBXResourcesBuildPhase section */

/* Begin PBXShellScriptBuildPhase section */
		2996B3A5BC68F84B967CE190 /* [CP] Check Pods Manifest.lock */ = {
			isa = PBXShellScriptBuildPhase;
			buildActionMask = 2147483647;
			files = (
			);
			inputPaths = (
				"${PODS_PODFILE_DIR_PATH}/Podfile.lock",
				"${PODS_ROOT}/Manifest.lock",
			);
			name = "[CP] Check Pods Manifest.lock";
			outputPaths = (
				"$(DERIVED_FILE_DIR)/Pods-StudioApp-checkManifestLockResult.txt",
			);
			runOnlyForDeploymentPostprocessing = 0;
			shellPath = /bin/sh;
			shellScript = "diff \"${PODS_PODFILE_DIR_PATH}/Podfile.lock\" \"${PODS_ROOT}/Manifest.lock\" > /dev/null\nif [ $? != 0 ] ; then\n    # print error to STDERR\n    echo \"error: The sandbox is not in sync with the Podfile.lock. Run 'pod install' or update your CocoaPods installation.\" >&2\n    exit 1\nfi\n# This output is used by Xcode 'outputs' to avoid re-running this script phase.\necho \"SUCCESS\" > \"${SCRIPT_OUTPUT_FILE_0}\"\n";
			showEnvVarsInLog = 0;
		};
		9D59476527C006943E9750A5 /* [CP] Embed Pods Frameworks */ = {
			isa = PBXShellScriptBuildPhase;
			buildActionMask = 2147483647;
			files = (
			);
			inputPaths = (
				"${SRCROOT}/Pods/Target Support Files/Pods-StudioApp/Pods-StudioApp-frameworks.sh",
				"${BUILT_PRODUCTS_DIR}/Alamofire/Alamofire.framework",
				"${BUILT_PRODUCTS_DIR}/BMPlayer/BMPlayer.framework",
				"${BUILT_PRODUCTS_DIR}/ElongationPreview/ElongationPreview.framework",
				"${BUILT_PRODUCTS_DIR}/FSPagerView/FSPagerView.framework",
				"${BUILT_PRODUCTS_DIR}/NVActivityIndicatorView/NVActivityIndicatorView.framework",
				"${BUILT_PRODUCTS_DIR}/PKHUD/PKHUD.framework",
				"${BUILT_PRODUCTS_DIR}/SVProgressHUD/SVProgressHUD.framework",
				"${BUILT_PRODUCTS_DIR}/SnapKit/SnapKit.framework",
				"${BUILT_PRODUCTS_DIR}/SwiftyJSON/SwiftyJSON.framework",
			);
			name = "[CP] Embed Pods Frameworks";
			outputPaths = (
				"${TARGET_BUILD_DIR}/${FRAMEWORKS_FOLDER_PATH}/Alamofire.framework",
				"${TARGET_BUILD_DIR}/${FRAMEWORKS_FOLDER_PATH}/BMPlayer.framework",
				"${TARGET_BUILD_DIR}/${FRAMEWORKS_FOLDER_PATH}/ElongationPreview.framework",
				"${TARGET_BUILD_DIR}/${FRAMEWORKS_FOLDER_PATH}/FSPagerView.framework",
				"${TARGET_BUILD_DIR}/${FRAMEWORKS_FOLDER_PATH}/NVActivityIndicatorView.framework",
				"${TARGET_BUILD_DIR}/${FRAMEWORKS_FOLDER_PATH}/PKHUD.framework",
				"${TARGET_BUILD_DIR}/${FRAMEWORKS_FOLDER_PATH}/SVProgressHUD.framework",
				"${TARGET_BUILD_DIR}/${FRAMEWORKS_FOLDER_PATH}/SnapKit.framework",
				"${TARGET_BUILD_DIR}/${FRAMEWORKS_FOLDER_PATH}/SwiftyJSON.framework",
			);
			runOnlyForDeploymentPostprocessing = 0;
			shellPath = /bin/sh;
			shellScript = "\"${SRCROOT}/Pods/Target Support Files/Pods-StudioApp/Pods-StudioApp-frameworks.sh\"\n";
			showEnvVarsInLog = 0;
		};
/* End PBXShellScriptBuildPhase section */

/* Begin PBXSourcesBuildPhase section */
		9AEECA0920DC821F009819A8 /* Sources */ = {
			isa = PBXSourcesBuildPhase;
			buildActionMask = 2147483647;
			files = (
				CE5473342137CDE8007DDA11 /* ShowRouteViewController.swift in Sources */,
				CE54732A2137C7AD007DDA11 /* AlertUtil.swift in Sources */,
				CE547341213CCBFB007DDA11 /* RouteDae.swift in Sources */,
				9AA5C3C020E47938004EA19F /* TopViewCellController.swift in Sources */,
				CE54732E2137C858007DDA11 /* SCNVector3-Ex.swift in Sources */,
				CEEF7FD721CB7F33001FDBB3 /* CollectionThreeViewCell.swift in Sources */,
				9AE9EEA320EDE2A900AEC2ED /* DetailViewController.swift in Sources */,
				CEEF7FE321CBFB38001FDBB3 /* AFWrapper.swift in Sources */,
				CEEF7FD321CB79A6001FDBB3 /* ContentNews.swift in Sources */,
				9AE219B120E5CE60008B880C /* StudioIntro.swift in Sources */,
				9A9B183320F2FA7C00DCA8E7 /* Content.swift in Sources */,
				9ADE2FFE20EC5E940002D8E4 /* PageViewCell.swift in Sources */,
				CEEF7FDA21CBEAD6001FDBB3 /* AgendaTableViewController.swift in Sources */,
				CE547324213698A6007DDA11 /* RoutesViewController.swift in Sources */,
				9A34675420EDEBBB005366FD /* DemoElongationCell.swift in Sources */,
				9AEECA1320DC821F009819A8 /* ViewController.swift in Sources */,
				9AF5064020F71BFB00DF8D72 /* FirstPageViewController.swift in Sources */,
				CEEF7FD121CB7935001FDBB3 /* NewsViewController.swift in Sources */,
				CE54732C2137C815007DDA11 /* RouteCacheService.swift in Sources */,
				9AEECA1120DC821F009819A8 /* AppDelegate.swift in Sources */,
				CE5473362137D596007DDA11 /* RoutesTableViewController.swift in Sources */,
				CE3B48A3212BBBD500AF1B5B /* ShowARViewController.swift in Sources */,
				9A656BAD20E1CC9200602A96 /* CellOneViewController.swift in Sources */,
				9A34675220EDEBBB005366FD /* GridViewCell.swift in Sources */,
				9A06619A20EDB5890053CD5D /* LayerContainerView.swift in Sources */,
				9A37379920F4A54300368E02 /* LoginViewController.swift in Sources */,
				CEECC3CE212D558A001CC128 /* extension.swift in Sources */,
				9AEB64E320F3445C00FE0300 /* TitleViewCell.swift in Sources */,
				9A656BB020E1D3AA00602A96 /* CellTwoViewController.swift in Sources */,
				CEB17947212FC51A009DEF0E /* Person.swift in Sources */,
				9AE219B320E5CE71008B880C /* AgendaViewController.swift in Sources */,
				CE54732621378E7D007DDA11 /* NodeUtil.swift in Sources */,
				9A656BB220E1D3C200602A96 /* CellThreeViewController.swift in Sources */,
				9A656BBD20E1EA8D00602A96 /* CollectionOneViewCell.swift in Sources */,
				9AEB64E520F3446F00FE0300 /* OptionViewCell.swift in Sources */,
				CE5473302137C8BC007DDA11 /* FileUtil.swift in Sources */,
				9AE9EEA120EDE2A500AEC2ED /* ShowCaseViewController.swift in Sources */,
				CE38EA43214E986D0041DD85 /* VideoViewViewController.swift in Sources */,
				9AEB64E020F33B7300FE0300 /* ProfileViewController.swift in Sources */,
				CEEF7FE021CBF0AC001FDBB3 /* AgendaItemTableViewCell.swift in Sources */,
				9AC08DB120EDE616001669CD /* ASExtendedCircularMenu.swift in Sources */,
				9A656BC020E20C1A00602A96 /* CollectionTwoViewCell.swift in Sources */,
				CE547345213CE24D007DDA11 /* ShareUtil.swift in Sources */,
				9AEB64E720F3522A00FE0300 /* noticeViewCell.swift in Sources */,
				CE547343213CCD8D007DDA11 /* Route.swift in Sources */,
			);
			runOnlyForDeploymentPostprocessing = 0;
		};
/* End PBXSourcesBuildPhase section */

/* Begin PBXVariantGroup section */
		9AEECA1420DC821F009819A8 /* Main.storyboard */ = {
			isa = PBXVariantGroup;
			children = (
				9AEECA1520DC821F009819A8 /* Base */,
			);
			name = Main.storyboard;
			sourceTree = "<group>";
		};
/* End PBXVariantGroup section */

/* Begin XCBuildConfiguration section */
		9AEECA1D20DC8220009819A8 /* Debug */ = {
			isa = XCBuildConfiguration;
			buildSettings = {
				ALWAYS_SEARCH_USER_PATHS = NO;
				CLANG_ANALYZER_NONNULL = YES;
				CLANG_ANALYZER_NUMBER_OBJECT_CONVERSION = YES_AGGRESSIVE;
				CLANG_CXX_LANGUAGE_STANDARD = "gnu++14";
				CLANG_CXX_LIBRARY = "libc++";
				CLANG_ENABLE_MODULES = YES;
				CLANG_ENABLE_OBJC_ARC = YES;
				CLANG_ENABLE_OBJC_WEAK = YES;
				CLANG_WARN_BLOCK_CAPTURE_AUTORELEASING = YES;
				CLANG_WARN_BOOL_CONVERSION = YES;
				CLANG_WARN_COMMA = YES;
				CLANG_WARN_CONSTANT_CONVERSION = YES;
				CLANG_WARN_DEPRECATED_OBJC_IMPLEMENTATIONS = YES;
				CLANG_WARN_DIRECT_OBJC_ISA_USAGE = YES_ERROR;
				CLANG_WARN_DOCUMENTATION_COMMENTS = YES;
				CLANG_WARN_EMPTY_BODY = YES;
				CLANG_WARN_ENUM_CONVERSION = YES;
				CLANG_WARN_INFINITE_RECURSION = YES;
				CLANG_WARN_INT_CONVERSION = YES;
				CLANG_WARN_NON_LITERAL_NULL_CONVERSION = YES;
				CLANG_WARN_OBJC_IMPLICIT_RETAIN_SELF = YES;
				CLANG_WARN_OBJC_LITERAL_CONVERSION = YES;
				CLANG_WARN_OBJC_ROOT_CLASS = YES_ERROR;
				CLANG_WARN_RANGE_LOOP_ANALYSIS = YES;
				CLANG_WARN_STRICT_PROTOTYPES = YES;
				CLANG_WARN_SUSPICIOUS_MOVE = YES;
				CLANG_WARN_UNGUARDED_AVAILABILITY = YES_AGGRESSIVE;
				CLANG_WARN_UNREACHABLE_CODE = YES;
				CLANG_WARN__DUPLICATE_METHOD_MATCH = YES;
				CODE_SIGN_IDENTITY = "iPhone Developer";
				COPY_PHASE_STRIP = NO;
				DEBUG_INFORMATION_FORMAT = dwarf;
				ENABLE_STRICT_OBJC_MSGSEND = YES;
				ENABLE_TESTABILITY = YES;
				GCC_C_LANGUAGE_STANDARD = gnu11;
				GCC_DYNAMIC_NO_PIC = NO;
				GCC_NO_COMMON_BLOCKS = YES;
				GCC_OPTIMIZATION_LEVEL = 0;
				GCC_PREPROCESSOR_DEFINITIONS = (
					"DEBUG=1",
					"$(inherited)",
				);
				GCC_WARN_64_TO_32_BIT_CONVERSION = YES;
				GCC_WARN_ABOUT_RETURN_TYPE = YES_ERROR;
				GCC_WARN_UNDECLARED_SELECTOR = YES;
				GCC_WARN_UNINITIALIZED_AUTOS = YES_AGGRESSIVE;
				GCC_WARN_UNUSED_FUNCTION = YES;
				GCC_WARN_UNUSED_VARIABLE = YES;
				IPHONEOS_DEPLOYMENT_TARGET = 11.4;
				MTL_ENABLE_DEBUG_INFO = YES;
				ONLY_ACTIVE_ARCH = YES;
				SDKROOT = iphoneos;
				SWIFT_ACTIVE_COMPILATION_CONDITIONS = DEBUG;
				SWIFT_OPTIMIZATION_LEVEL = "-Onone";
			};
			name = Debug;
		};
		9AEECA1E20DC8220009819A8 /* Release */ = {
			isa = XCBuildConfiguration;
			buildSettings = {
				ALWAYS_SEARCH_USER_PATHS = NO;
				CLANG_ANALYZER_NONNULL = YES;
				CLANG_ANALYZER_NUMBER_OBJECT_CONVERSION = YES_AGGRESSIVE;
				CLANG_CXX_LANGUAGE_STANDARD = "gnu++14";
				CLANG_CXX_LIBRARY = "libc++";
				CLANG_ENABLE_MODULES = YES;
				CLANG_ENABLE_OBJC_ARC = YES;
				CLANG_ENABLE_OBJC_WEAK = YES;
				CLANG_WARN_BLOCK_CAPTURE_AUTORELEASING = YES;
				CLANG_WARN_BOOL_CONVERSION = YES;
				CLANG_WARN_COMMA = YES;
				CLANG_WARN_CONSTANT_CONVERSION = YES;
				CLANG_WARN_DEPRECATED_OBJC_IMPLEMENTATIONS = YES;
				CLANG_WARN_DIRECT_OBJC_ISA_USAGE = YES_ERROR;
				CLANG_WARN_DOCUMENTATION_COMMENTS = YES;
				CLANG_WARN_EMPTY_BODY = YES;
				CLANG_WARN_ENUM_CONVERSION = YES;
				CLANG_WARN_INFINITE_RECURSION = YES;
				CLANG_WARN_INT_CONVERSION = YES;
				CLANG_WARN_NON_LITERAL_NULL_CONVERSION = YES;
				CLANG_WARN_OBJC_IMPLICIT_RETAIN_SELF = YES;
				CLANG_WARN_OBJC_LITERAL_CONVERSION = YES;
				CLANG_WARN_OBJC_ROOT_CLASS = YES_ERROR;
				CLANG_WARN_RANGE_LOOP_ANALYSIS = YES;
				CLANG_WARN_STRICT_PROTOTYPES = YES;
				CLANG_WARN_SUSPICIOUS_MOVE = YES;
				CLANG_WARN_UNGUARDED_AVAILABILITY = YES_AGGRESSIVE;
				CLANG_WARN_UNREACHABLE_CODE = YES;
				CLANG_WARN__DUPLICATE_METHOD_MATCH = YES;
				CODE_SIGN_IDENTITY = "iPhone Developer";
				COPY_PHASE_STRIP = NO;
				DEBUG_INFORMATION_FORMAT = "dwarf-with-dsym";
				ENABLE_NS_ASSERTIONS = NO;
				ENABLE_STRICT_OBJC_MSGSEND = YES;
				GCC_C_LANGUAGE_STANDARD = gnu11;
				GCC_NO_COMMON_BLOCKS = YES;
				GCC_WARN_64_TO_32_BIT_CONVERSION = YES;
				GCC_WARN_ABOUT_RETURN_TYPE = YES_ERROR;
				GCC_WARN_UNDECLARED_SELECTOR = YES;
				GCC_WARN_UNINITIALIZED_AUTOS = YES_AGGRESSIVE;
				GCC_WARN_UNUSED_FUNCTION = YES;
				GCC_WARN_UNUSED_VARIABLE = YES;
				IPHONEOS_DEPLOYMENT_TARGET = 11.4;
				MTL_ENABLE_DEBUG_INFO = NO;
				SDKROOT = iphoneos;
				SWIFT_COMPILATION_MODE = wholemodule;
				SWIFT_OPTIMIZATION_LEVEL = "-O";
				VALIDATE_PRODUCT = YES;
			};
			name = Release;
		};
		9AEECA2020DC8220009819A8 /* Debug */ = {
			isa = XCBuildConfiguration;
			baseConfigurationReference = FF9F7B729D02FE462BE57A73 /* Pods-StudioApp.debug.xcconfig */;
			buildSettings = {
				ASSETCATALOG_COMPILER_APPICON_NAME = AppIcon;
				ASSETCATALOG_COMPILER_LAUNCHIMAGE_NAME = LaunchImage;
				CODE_SIGN_IDENTITY = "iPhone Developer";
				CODE_SIGN_STYLE = Automatic;
				DEVELOPMENT_TEAM = 5YX7VL3TZ3;
				FRAMEWORK_SEARCH_PATHS = (
					"$(inherited)",
					"$(PROJECT_DIR)/StudioApp/2DFramework",
				);
				INFOPLIST_FILE = StudioApp/Info.plist;
				IPHONEOS_DEPLOYMENT_TARGET = 11.4;
				LD_RUNPATH_SEARCH_PATHS = (
					"$(inherited)",
					"@executable_path/Frameworks",
				);
				PRODUCT_BUNDLE_IDENTIFIER = com.cicmobile.dlstudio;
				PRODUCT_NAME = "$(TARGET_NAME)";
				PROVISIONING_PROFILE_SPECIFIER = "";
				SWIFT_VERSION = 4.2;
				TARGETED_DEVICE_FAMILY = 1;
			};
			name = Debug;
		};
		9AEECA2120DC8220009819A8 /* Release */ = {
			isa = XCBuildConfiguration;
			baseConfigurationReference = AAF67E3115659D093D97BC7C /* Pods-StudioApp.release.xcconfig */;
			buildSettings = {
				ASSETCATALOG_COMPILER_APPICON_NAME = AppIcon;
				ASSETCATALOG_COMPILER_LAUNCHIMAGE_NAME = LaunchImage;
				CODE_SIGN_IDENTITY = "iPhone Developer";
				CODE_SIGN_STYLE = Automatic;
				DEVELOPMENT_TEAM = 5YX7VL3TZ3;
				FRAMEWORK_SEARCH_PATHS = (
					"$(inherited)",
					"$(PROJECT_DIR)/StudioApp/2DFramework",
				);
				INFOPLIST_FILE = StudioApp/Info.plist;
				IPHONEOS_DEPLOYMENT_TARGET = 11.4;
				LD_RUNPATH_SEARCH_PATHS = (
					"$(inherited)",
					"@executable_path/Frameworks",
				);
				PRODUCT_BUNDLE_IDENTIFIER = com.cicmobile.dlstudio;
				PRODUCT_NAME = "$(TARGET_NAME)";
				PROVISIONING_PROFILE_SPECIFIER = "";
				SWIFT_VERSION = 4.2;
				TARGETED_DEVICE_FAMILY = 1;
			};
			name = Release;
		};
/* End XCBuildConfiguration section */

/* Begin XCConfigurationList section */
		9AEECA0820DC821F009819A8 /* Build configuration list for PBXProject "StudioApp" */ = {
			isa = XCConfigurationList;
			buildConfigurations = (
				9AEECA1D20DC8220009819A8 /* Debug */,
				9AEECA1E20DC8220009819A8 /* Release */,
			);
			defaultConfigurationIsVisible = 0;
			defaultConfigurationName = Release;
		};
		9AEECA1F20DC8220009819A8 /* Build configuration list for PBXNativeTarget "StudioApp" */ = {
			isa = XCConfigurationList;
			buildConfigurations = (
				9AEECA2020DC8220009819A8 /* Debug */,
				9AEECA2120DC8220009819A8 /* Release */,
			);
			defaultConfigurationIsVisible = 0;
			defaultConfigurationName = Release;
		};
/* End XCConfigurationList section */
	};
	rootObject = 9AEECA0520DC821F009819A8 /* Project object */;
}
