PODS:
  - ElongationPreview (1.1.2)
  - FSPagerView (0.7.1)
  - SnapKit (4.0.0)

DEPENDENCIES:
  - ElongationPreview
  - FSPagerView
  - SnapKit (~> 4.0.0)

SPEC REPOS:
  https://github.com/cocoapods/specs.git:
    - ElongationPreview
    - FSPagerView
    - SnapKit

SPEC CHECKSUMS:
  ElongationPreview: a1b53f61d2086c0ce5c2061e5233bff25b93917d
  FSPagerView: 958aba39684e1573755ddcfcc29f7eebb8413cee
  SnapKit: a42d492c16e80209130a3379f73596c3454b7694

PODFILE CHECKSUM: 57c348ae9fb909bc289a5a1d3d540a77e70b7212

COCOAPODS: 1.5.3
